
Microsoft Visual Studio Solution File, Format Version 12.00
# Visual Studio Version 17
VisualStudioVersion = 17.5.002.0
MinimumVisualStudioVersion = 10.0.40219.1
Project("{2150E333-8FDC-42A3-9474-1A3956D46DE8}") = "Tests", "Tests", "{9682DC7C-1EA2-4EB5-A95F-C9B4B7AA748E}"
EndProject
Project("{9A19103F-16F7-4668-BE54-9A1E7A4F7556}") = "Intellishelf.Integration.Tests", "Tests\Intellishelf.Integration.Tests\Intellishelf.Integration.Tests.csproj", "{09DC48E1-C302-4DE2-9C63-B4944BF7696B}"
EndProject
Project("{9A19103F-16F7-4668-BE54-9A1E7A4F7556}") = "Intellishelf.Unit.Tests", "Tests\Intellishelf.Unit.Tests\Intellishelf.Unit.Tests.csproj", "{63A27E68-3F4A-4B17-9DF4-EB54543E6392}"
EndProject
Project("{2150E333-8FDC-42A3-9474-1A3956D46DE8}") = "src", "src", "{EE26FC81-5476-4BFA-A73B-298CF13C33AE}"
EndProject
Project("{9A19103F-16F7-4668-BE54-9A1E7A4F7556}") = "Intellishelf.Data", "src\Intellishelf.Data\Intellishelf.Data.csproj", "{A44EB1C6-FF5A-44CD-8CAA-D6B1997C65EC}"
EndProject
Project("{9A19103F-16F7-4668-BE54-9A1E7A4F7556}") = "Intellishelf.Api", "src\Intellishelf.Api\Intellishelf.Api.csproj", "{0936FE4E-340B-407F-A6AB-BE9D7E1D761A}"
EndProject
Project("{9A19103F-16F7-4668-BE54-9A1E7A4F7556}") = "Intellishelf.Common", "src\Intellishelf.Common\Intellishelf.Common.csproj", "{3026BBD3-84EB-43C5-84BD-17E7B2B7BDAF}"
EndProject
Project("{9A19103F-16F7-4668-BE54-9A1E7A4F7556}") = "Intellishelf.Domain", "src\Intellishelf.Domain\Intellishelf.Domain.csproj", "{4AC2A355-CEE9-4B8E-9F65-1F0683D1E931}"
EndProject
Global
	GlobalSection(SolutionConfigurationPlatforms) = preSolution
		Debug|Any CPU = Debug|Any CPU
		Release|Any CPU = Release|Any CPU
	EndGlobalSection
	GlobalSection(ProjectConfigurationPlatforms) = postSolution
		{09DC48E1-C302-4DE2-9C63-B4944BF7696B}.Debug|Any CPU.ActiveCfg = Debug|Any CPU
		{09DC48E1-C302-4DE2-9C63-B4944BF7696B}.Debug|Any CPU.Build.0 = Debug|Any CPU
		{09DC48E1-C302-4DE2-9C63-B4944BF7696B}.Release|Any CPU.ActiveCfg = Release|Any CPU
		{09DC48E1-C302-4DE2-9C63-B4944BF7696B}.Release|Any CPU.Build.0 = Release|Any CPU
		{63A27E68-3F4A-4B17-9DF4-EB54543E6392}.Debug|Any CPU.ActiveCfg = Debug|Any CPU
		{63A27E68-3F4A-4B17-9DF4-EB54543E6392}.Debug|Any CPU.Build.0 = Debug|Any CPU
		{63A27E68-3F4A-4B17-9DF4-EB54543E6392}.Release|Any CPU.ActiveCfg = Release|Any CPU
		{63A27E68-3F4A-4B17-9DF4-EB54543E6392}.Release|Any CPU.Build.0 = Release|Any CPU
		{A44EB1C6-FF5A-44CD-8CAA-D6B1997C65EC}.Debug|Any CPU.ActiveCfg = Debug|Any CPU
		{A44EB1C6-FF5A-44CD-8CAA-D6B1997C65EC}.Debug|Any CPU.Build.0 = Debug|Any CPU
		{A44EB1C6-FF5A-44CD-8CAA-D6B1997C65EC}.Release|Any CPU.ActiveCfg = Release|Any CPU
		{A44EB1C6-FF5A-44CD-8CAA-D6B1997C65EC}.Release|Any CPU.Build.0 = Release|Any CPU
		{0936FE4E-340B-407F-A6AB-BE9D7E1D761A}.Debug|Any CPU.ActiveCfg = Debug|Any CPU
		{0936FE4E-340B-407F-A6AB-BE9D7E1D761A}.Debug|Any CPU.Build.0 = Debug|Any CPU
		{0936FE4E-340B-407F-A6AB-BE9D7E1D761A}.Release|Any CPU.ActiveCfg = Release|Any CPU
		{0936FE4E-340B-407F-A6AB-BE9D7E1D761A}.Release|Any CPU.Build.0 = Release|Any CPU
		{3026BBD3-84EB-43C5-84BD-17E7B2B7BDAF}.Debug|Any CPU.ActiveCfg = Debug|Any CPU
		{3026BBD3-84EB-43C5-84BD-17E7B2B7BDAF}.Debug|Any CPU.Build.0 = Debug|Any CPU
		{3026BBD3-84EB-43C5-84BD-17E7B2B7BDAF}.Release|Any CPU.ActiveCfg = Release|Any CPU
		{3026BBD3-84EB-43C5-84BD-17E7B2B7BDAF}.Release|Any CPU.Build.0 = Release|Any CPU
		{4AC2A355-CEE9-4B8E-9F65-1F0683D1E931}.Debug|Any CPU.ActiveCfg = Debug|Any CPU
		{4AC2A355-CEE9-4B8E-9F65-1F0683D1E931}.Debug|Any CPU.Build.0 = Debug|Any CPU
		{4AC2A355-CEE9-4B8E-9F65-1F0683D1E931}.Release|Any CPU.ActiveCfg = Release|Any CPU
		{4AC2A355-CEE9-4B8E-9F65-1F0683D1E931}.Release|Any CPU.Build.0 = Release|Any CPU
	EndGlobalSection
	GlobalSection(SolutionProperties) = preSolution
		HideSolutionNode = FALSE
	EndGlobalSection
	GlobalSection(NestedProjects) = preSolution
		{09DC48E1-C302-4DE2-9C63-B4944BF7696B} = {9682DC7C-1EA2-4EB5-A95F-C9B4B7AA748E}
		{63A27E68-3F4A-4B17-9DF4-EB54543E6392} = {9682DC7C-1EA2-4EB5-A95F-C9B4B7AA748E}
		{A44EB1C6-FF5A-44CD-8CAA-D6B1997C65EC} = {EE26FC81-5476-4BFA-A73B-298CF13C33AE}
		{0936FE4E-340B-407F-A6AB-BE9D7E1D761A} = {EE26FC81-5476-4BFA-A73B-298CF13C33AE}
		{3026BBD3-84EB-43C5-84BD-17E7B2B7BDAF} = {EE26FC81-5476-4BFA-A73B-298CF13C33AE}
		{4AC2A355-CEE9-4B8E-9F65-1F0683D1E931} = {EE26FC81-5476-4BFA-A73B-298CF13C33AE}
	EndGlobalSection
	GlobalSection(ExtensibilityGlobals) = postSolution
		SolutionGuid = {A33B9229-CC46-4CC7-8E07-F2506D080E47}
	EndGlobalSection
EndGlobal
